// !$*UTF8*$!
{
	archiveVersion = 1;
	classes = {
	};
	objectVersion = 50;
	objects = {

/* Begin PBXBuildFile section */
		840807CC2212572E007C4FFC /* AuthService.swift in Sources */ = {isa = PBXBuildFile; fileRef = 840807CB2212572E007C4FFC /* AuthService.swift */; };
		840807CE221266D6007C4FFC /* RoundedButton.swift in Sources */ = {isa = PBXBuildFile; fileRef = 840807CD221266D6007C4FFC /* RoundedButton.swift */; };
		8457DDF621F93B300059D001 /* ChatVC.swift in Sources */ = {isa = PBXBuildFile; fileRef = 8457DDF521F93B300059D001 /* ChatVC.swift */; };
		8457DDF821F93B4B0059D001 /* ChannelVC.swift in Sources */ = {isa = PBXBuildFile; fileRef = 8457DDF721F93B4B0059D001 /* ChannelVC.swift */; };
		8457DDFA21F944350059D001 /* GradientView.swift in Sources */ = {isa = PBXBuildFile; fileRef = 8457DDF921F944350059D001 /* GradientView.swift */; };
		84587A78221643A9007D847C /* AvatarPickerVC.swift in Sources */ = {isa = PBXBuildFile; fileRef = 84587A77221643A9007D847C /* AvatarPickerVC.swift */; };
		84587A7A22164700007D847C /* AvatarCell.swift in Sources */ = {isa = PBXBuildFile; fileRef = 84587A7922164700007D847C /* AvatarCell.swift */; };
		84587A7C221658E5007D847C /* CircleImage.swift in Sources */ = {isa = PBXBuildFile; fileRef = 84587A7B221658E5007D847C /* CircleImage.swift */; };
		84907E1D22012AC2008620B9 /* CreateAccountVC.swift in Sources */ = {isa = PBXBuildFile; fileRef = 84907E1C22012AC2008620B9 /* CreateAccountVC.swift */; };
		84927C3421FFE1E000A23492 /* Constants.swift in Sources */ = {isa = PBXBuildFile; fileRef = 84927C3321FFE1E000A23492 /* Constants.swift */; };
		84927C3621FFE9B500A23492 /* LoginVC.swift in Sources */ = {isa = PBXBuildFile; fileRef = 84927C3521FFE9B500A23492 /* LoginVC.swift */; };
		84DAAC8C221CC75900145611 /* ProfileVC.swift in Sources */ = {isa = PBXBuildFile; fileRef = 84DAAC8A221CC75900145611 /* ProfileVC.swift */; };
		84DAAC8D221CC75900145611 /* ProfileVC.xib in Resources */ = {isa = PBXBuildFile; fileRef = 84DAAC8B221CC75900145611 /* ProfileVC.xib */; };
		84F03DBF2214FE81006C2674 /* UserDataService.swift in Sources */ = {isa = PBXBuildFile; fileRef = 84F03DBE2214FE81006C2674 /* UserDataService.swift */; };
		84FA4E4421F7EB990048F91A /* AppDelegate.swift in Sources */ = {isa = PBXBuildFile; fileRef = 84FA4E4321F7EB990048F91A /* AppDelegate.swift */; };
		84FA4E4921F7EB990048F91A /* Main.storyboard in Resources */ = {isa = PBXBuildFile; fileRef = 84FA4E4721F7EB990048F91A /* Main.storyboard */; };
		84FA4E4B21F7EB9A0048F91A /* Assets.xcassets in Resources */ = {isa = PBXBuildFile; fileRef = 84FA4E4A21F7EB9A0048F91A /* Assets.xcassets */; };
		84FA4E4E21F7EB9A0048F91A /* LaunchScreen.storyboard in Resources */ = {isa = PBXBuildFile; fileRef = 84FA4E4C21F7EB9A0048F91A /* LaunchScreen.storyboard */; };
		84FA4E5921F7FDBA0048F91A /* SWRevealViewController.m in Sources */ = {isa = PBXBuildFile; fileRef = 84FA4E5721F7FDBA0048F91A /* SWRevealViewController.m */; };
		E6A874021F029DB0B6DDE518 /* Pods_SmartSmack.framework in Frameworks */ = {isa = PBXBuildFile; fileRef = B322540F80EEF77AB4E6C031 /* Pods_SmartSmack.framework */; };
/* End PBXBuildFile section */

/* Begin PBXFileReference section */
		319ED41CF84885C7BF9E4142 /* Pods-SmartSmack.debug.xcconfig */ = {isa = PBXFileReference; includeInIndex = 1; lastKnownFileType = text.xcconfig; name = "Pods-SmartSmack.debug.xcconfig"; path = "Pods/Target Support Files/Pods-SmartSmack/Pods-SmartSmack.debug.xcconfig"; sourceTree = "<group>"; };
		741036FFACAC4638E53B5D50 /* Pods-SmartSmack.release.xcconfig */ = {isa = PBXFileReference; includeInIndex = 1; lastKnownFileType = text.xcconfig; name = "Pods-SmartSmack.release.xcconfig"; path = "Pods/Target Support Files/Pods-SmartSmack/Pods-SmartSmack.release.xcconfig"; sourceTree = "<group>"; };
		840807CB2212572E007C4FFC /* AuthService.swift */ = {isa = PBXFileReference; lastKnownFileType = sourcecode.swift; path = AuthService.swift; sourceTree = "<group>"; };
		840807CD221266D6007C4FFC /* RoundedButton.swift */ = {isa = PBXFileReference; lastKnownFileType = sourcecode.swift; path = RoundedButton.swift; sourceTree = "<group>"; };
		8457DDF521F93B300059D001 /* ChatVC.swift */ = {isa = PBXFileReference; lastKnownFileType = sourcecode.swift; path = ChatVC.swift; sourceTree = "<group>"; };
		8457DDF721F93B4B0059D001 /* ChannelVC.swift */ = {isa = PBXFileReference; lastKnownFileType = sourcecode.swift; path = ChannelVC.swift; sourceTree = "<group>"; };
		8457DDF921F944350059D001 /* GradientView.swift */ = {isa = PBXFileReference; lastKnownFileType = sourcecode.swift; path = GradientView.swift; sourceTree = "<group>"; };
		84587A77221643A9007D847C /* AvatarPickerVC.swift */ = {isa = PBXFileReference; lastKnownFileType = sourcecode.swift; path = AvatarPickerVC.swift; sourceTree = "<group>"; };
		84587A7922164700007D847C /* AvatarCell.swift */ = {isa = PBXFileReference; lastKnownFileType = sourcecode.swift; path = AvatarCell.swift; sourceTree = "<group>"; };
		84587A7B221658E5007D847C /* CircleImage.swift */ = {isa = PBXFileReference; lastKnownFileType = sourcecode.swift; path = CircleImage.swift; sourceTree = "<group>"; };
		84907E1C22012AC2008620B9 /* CreateAccountVC.swift */ = {isa = PBXFileReference; lastKnownFileType = sourcecode.swift; path = CreateAccountVC.swift; sourceTree = "<group>"; };
		84927C3321FFE1E000A23492 /* Constants.swift */ = {isa = PBXFileReference; lastKnownFileType = sourcecode.swift; path = Constants.swift; sourceTree = "<group>"; };
		84927C3521FFE9B500A23492 /* LoginVC.swift */ = {isa = PBXFileReference; lastKnownFileType = sourcecode.swift; path = LoginVC.swift; sourceTree = "<group>"; };
		84DAAC8A221CC75900145611 /* ProfileVC.swift */ = {isa = PBXFileReference; lastKnownFileType = sourcecode.swift; path = ProfileVC.swift; sourceTree = "<group>"; };
		84DAAC8B221CC75900145611 /* ProfileVC.xib */ = {isa = PBXFileReference; lastKnownFileType = file.xib; path = ProfileVC.xib; sourceTree = "<group>"; };
		84F03DBE2214FE81006C2674 /* UserDataService.swift */ = {isa = PBXFileReference; lastKnownFileType = sourcecode.swift; path = UserDataService.swift; sourceTree = "<group>"; };
		84FA4E4021F7EB990048F91A /* SmartSmack.app */ = {isa = PBXFileReference; explicitFileType = wrapper.application; includeInIndex = 0; path = SmartSmack.app; sourceTree = BUILT_PRODUCTS_DIR; };
		84FA4E4321F7EB990048F91A /* AppDelegate.swift */ = {isa = PBXFileReference; lastKnownFileType = sourcecode.swift; path = AppDelegate.swift; sourceTree = "<group>"; };
		84FA4E4821F7EB990048F91A /* Base */ = {isa = PBXFileReference; lastKnownFileType = file.storyboard; name = Base; path = Base.lproj/Main.storyboard; sourceTree = "<group>"; };
		84FA4E4A21F7EB9A0048F91A /* Assets.xcassets */ = {isa = PBXFileReference; lastKnownFileType = folder.assetcatalog; path = Assets.xcassets; sourceTree = "<group>"; };
		84FA4E4D21F7EB9A0048F91A /* Base */ = {isa = PBXFileReference; lastKnownFileType = file.storyboard; name = Base; path = Base.lproj/LaunchScreen.storyboard; sourceTree = "<group>"; };
		84FA4E4F21F7EB9A0048F91A /* Info.plist */ = {isa = PBXFileReference; lastKnownFileType = text.plist.xml; path = Info.plist; sourceTree = "<group>"; };
		84FA4E5621F7FDB90048F91A /* SmartSmack-Bridging-Header.h */ = {isa = PBXFileReference; lastKnownFileType = sourcecode.c.h; path = "SmartSmack-Bridging-Header.h"; sourceTree = "<group>"; };
		84FA4E5721F7FDBA0048F91A /* SWRevealViewController.m */ = {isa = PBXFileReference; fileEncoding = 4; lastKnownFileType = sourcecode.c.objc; path = SWRevealViewController.m; sourceTree = "<group>"; };
		84FA4E5821F7FDBA0048F91A /* SWRevealViewController.h */ = {isa = PBXFileReference; fileEncoding = 4; lastKnownFileType = sourcecode.c.h; path = SWRevealViewController.h; sourceTree = "<group>"; };
		B322540F80EEF77AB4E6C031 /* Pods_SmartSmack.framework */ = {isa = PBXFileReference; explicitFileType = wrapper.framework; includeInIndex = 0; path = Pods_SmartSmack.framework; sourceTree = BUILT_PRODUCTS_DIR; };
/* End PBXFileReference section */

/* Begin PBXFrameworksBuildPhase section */
		84FA4E3D21F7EB990048F91A /* Frameworks */ = {
			isa = PBXFrameworksBuildPhase;
			buildActionMask = 2147483647;
			files = (
				E6A874021F029DB0B6DDE518 /* Pods_SmartSmack.framework in Frameworks */,
			);
			runOnlyForDeploymentPostprocessing = 0;
		};
/* End PBXFrameworksBuildPhase section */

/* Begin PBXGroup section */
		004F4651B090B55BA1D3B6AD /* Frameworks */ = {
			isa = PBXGroup;
			children = (
				B322540F80EEF77AB4E6C031 /* Pods_SmartSmack.framework */,
			);
			name = Frameworks;
			sourceTree = "<group>";
		};
		711B4E54801CE9233BD88F45 /* Pods */ = {
			isa = PBXGroup;
			children = (
				319ED41CF84885C7BF9E4142 /* Pods-SmartSmack.debug.xcconfig */,
				741036FFACAC4638E53B5D50 /* Pods-SmartSmack.release.xcconfig */,
			);
			name = Pods;
			sourceTree = "<group>";
		};
		840807CA221256FF007C4FFC /* Services */ = {
			isa = PBXGroup;
			children = (
				840807CB2212572E007C4FFC /* AuthService.swift */,
				84F03DBE2214FE81006C2674 /* UserDataService.swift */,
			);
			path = Services;
			sourceTree = "<group>";
		};
		8457DDF221F93AC10059D001 /* Models */ = {
			isa = PBXGroup;
			children = (
			);
			path = Models;
			sourceTree = "<group>";
		};
		8457DDF321F93AC80059D001 /* Views */ = {
			isa = PBXGroup;
			children = (
				8457DDF921F944350059D001 /* GradientView.swift */,
				840807CD221266D6007C4FFC /* RoundedButton.swift */,
				84587A7922164700007D847C /* AvatarCell.swift */,
				84587A7B221658E5007D847C /* CircleImage.swift */,
			);
			path = Views;
			sourceTree = "<group>";
		};
		8457DDF421F93AD00059D001 /* Controllers */ = {
			isa = PBXGroup;
			children = (
				8457DDF521F93B300059D001 /* ChatVC.swift */,
				8457DDF721F93B4B0059D001 /* ChannelVC.swift */,
				84927C3521FFE9B500A23492 /* LoginVC.swift */,
				84907E1C22012AC2008620B9 /* CreateAccountVC.swift */,
				84587A77221643A9007D847C /* AvatarPickerVC.swift */,
				84DAAC8A221CC75900145611 /* ProfileVC.swift */,
			);
			path = Controllers;
			sourceTree = "<group>";
		};
		84927C3221FFE1C800A23492 /* Utilities */ = {
			isa = PBXGroup;
			children = (
				84927C3321FFE1E000A23492 /* Constants.swift */,
			);
			path = Utilities;
			sourceTree = "<group>";
		};
		84DAAC8E221CC79000145611 /* XIBs */ = {
			isa = PBXGroup;
			children = (
				84DAAC8B221CC75900145611 /* ProfileVC.xib */,
			);
			path = XIBs;
			sourceTree = "<group>";
		};
		84FA4E3721F7EB990048F91A = {
			isa = PBXGroup;
			children = (
				84DAAC8E221CC79000145611 /* XIBs */,
				840807CA221256FF007C4FFC /* Services */,
				84FA4E5521F7FD340048F91A /* SupportingFiles */,
				84FA4E4221F7EB990048F91A /* SmartSmack */,
				84FA4E4121F7EB990048F91A /* Products */,
				711B4E54801CE9233BD88F45 /* Pods */,
				004F4651B090B55BA1D3B6AD /* Frameworks */,
			);
			sourceTree = "<group>";
		};
		84FA4E4121F7EB990048F91A /* Products */ = {
			isa = PBXGroup;
			children = (
				84FA4E4021F7EB990048F91A /* SmartSmack.app */,
			);
			name = Products;
			sourceTree = "<group>";
		};
		84FA4E4221F7EB990048F91A /* SmartSmack */ = {
			isa = PBXGroup;
			children = (
				84927C3221FFE1C800A23492 /* Utilities */,
				8457DDF421F93AD00059D001 /* Controllers */,
				8457DDF321F93AC80059D001 /* Views */,
				8457DDF221F93AC10059D001 /* Models */,
				84FA4E4321F7EB990048F91A /* AppDelegate.swift */,
				84FA4E4721F7EB990048F91A /* Main.storyboard */,
				84FA4E4A21F7EB9A0048F91A /* Assets.xcassets */,
				84FA4E4C21F7EB9A0048F91A /* LaunchScreen.storyboard */,
				84FA4E4F21F7EB9A0048F91A /* Info.plist */,
			);
			path = SmartSmack;
			sourceTree = "<group>";
		};
		84FA4E5521F7FD340048F91A /* SupportingFiles */ = {
			isa = PBXGroup;
			children = (
				84FA4E5821F7FDBA0048F91A /* SWRevealViewController.h */,
				84FA4E5721F7FDBA0048F91A /* SWRevealViewController.m */,
				84FA4E5621F7FDB90048F91A /* SmartSmack-Bridging-Header.h */,
			);
			path = SupportingFiles;
			sourceTree = "<group>";
		};
/* End PBXGroup section */

/* Begin PBXNativeTarget section */
		84FA4E3F21F7EB990048F91A /* SmartSmack */ = {
			isa = PBXNativeTarget;
			buildConfigurationList = 84FA4E5221F7EB9A0048F91A /* Build configuration list for PBXNativeTarget "SmartSmack" */;
			buildPhases = (
				460E7DE3C599861CD2031AD9 /* [CP] Check Pods Manifest.lock */,
				84FA4E3C21F7EB990048F91A /* Sources */,
				84FA4E3D21F7EB990048F91A /* Frameworks */,
				84FA4E3E21F7EB990048F91A /* Resources */,
				2D75046E5D4B501673B00072 /* [CP] Embed Pods Frameworks */,
			);
			buildRules = (
			);
			dependencies = (
			);
			name = SmartSmack;
			productName = SmartSmack;
			productReference = 84FA4E4021F7EB990048F91A /* SmartSmack.app */;
			productType = "com.apple.product-type.application";
		};
/* End PBXNativeTarget section */

/* Begin PBXProject section */
		84FA4E3821F7EB990048F91A /* Project object */ = {
			isa = PBXProject;
			attributes = {
				LastSwiftUpdateCheck = 0940;
				LastUpgradeCheck = 0940;
				ORGANIZATIONNAME = Admin;
				TargetAttributes = {
					84FA4E3F21F7EB990048F91A = {
						CreatedOnToolsVersion = 9.4.1;
						LastSwiftMigration = 0940;
					};
				};
			};
			buildConfigurationList = 84FA4E3B21F7EB990048F91A /* Build configuration list for PBXProject "SmartSmack" */;
			compatibilityVersion = "Xcode 9.3";
			developmentRegion = en;
			hasScannedForEncodings = 0;
			knownRegions = (
				en,
				Base,
			);
			mainGroup = 84FA4E3721F7EB990048F91A;
			productRefGroup = 84FA4E4121F7EB990048F91A /* Products */;
			projectDirPath = "";
			projectRoot = "";
			targets = (
				84FA4E3F21F7EB990048F91A /* SmartSmack */,
			);
		};
/* End PBXProject section */

/* Begin PBXResourcesBuildPhase section */
		84FA4E3E21F7EB990048F91A /* Resources */ = {
			isa = PBXResourcesBuildPhase;
			buildActionMask = 2147483647;
			files = (
				84DAAC8D221CC75900145611 /* ProfileVC.xib in Resources */,
				84FA4E4E21F7EB9A0048F91A /* LaunchScreen.storyboard in Resources */,
				84FA4E4B21F7EB9A0048F91A /* Assets.xcassets in Resources */,
				84FA4E4921F7EB990048F91A /* Main.storyboard in Resources */,
			);
			runOnlyForDeploymentPostprocessing = 0;
		};
/* End PBXResourcesBuildPhase section */

/* Begin PBXShellScriptBuildPhase section */
		2D75046E5D4B501673B00072 /* [CP] Embed Pods Frameworks */ = {
			isa = PBXShellScriptBuildPhase;
			buildActionMask = 2147483647;
			files = (
			);
			inputPaths = (
				"${SRCROOT}/Pods/Target Support Files/Pods-SmartSmack/Pods-SmartSmack-frameworks.sh",
				"${BUILT_PRODUCTS_DIR}/Alamofire/Alamofire.framework",
				"${BUILT_PRODUCTS_DIR}/Socket.IO-Client-Swift/SocketIO.framework",
				"${BUILT_PRODUCTS_DIR}/Starscream/Starscream.framework",
				"${BUILT_PRODUCTS_DIR}/SwiftyJSON/SwiftyJSON.framework",
			);
			name = "[CP] Embed Pods Frameworks";
			outputPaths = (
				"${TARGET_BUILD_DIR}/${FRAMEWORKS_FOLDER_PATH}/Alamofire.framework",
				"${TARGET_BUILD_DIR}/${FRAMEWORKS_FOLDER_PATH}/SocketIO.framework",
				"${TARGET_BUILD_DIR}/${FRAMEWORKS_FOLDER_PATH}/Starscream.framework",
				"${TARGET_BUILD_DIR}/${FRAMEWORKS_FOLDER_PATH}/SwiftyJSON.framework",
			);
			runOnlyForDeploymentPostprocessing = 0;
			shellPath = /bin/sh;
			shellScript = "\"${SRCROOT}/Pods/Target Support Files/Pods-SmartSmack/Pods-SmartSmack-frameworks.sh\"\n";
			showEnvVarsInLog = 0;
		};
		460E7DE3C599861CD2031AD9 /* [CP] Check Pods Manifest.lock */ = {
			isa = PBXShellScriptBuildPhase;
			buildActionMask = 2147483647;
			files = (
			);
			inputPaths = (
				"${PODS_PODFILE_DIR_PATH}/Podfile.lock",
				"${PODS_ROOT}/Manifest.lock",
			);
			name = "[CP] Check Pods Manifest.lock";
			outputPaths = (
				"$(DERIVED_FILE_DIR)/Pods-SmartSmack-checkManifestLockResult.txt",
			);
			runOnlyForDeploymentPostprocessing = 0;
			shellPath = /bin/sh;
			shellScript = "diff \"${PODS_PODFILE_DIR_PATH}/Podfile.lock\" \"${PODS_ROOT}/Manifest.lock\" > /dev/null\nif [ $? != 0 ] ; then\n    # print error to STDERR\n    echo \"error: The sandbox is not in sync with the Podfile.lock. Run 'pod install' or update your CocoaPods installation.\" >&2\n    exit 1\nfi\n# This output is used by Xcode 'outputs' to avoid re-running this script phase.\necho \"SUCCESS\" > \"${SCRIPT_OUTPUT_FILE_0}\"\n";
			showEnvVarsInLog = 0;
		};
/* End PBXShellScriptBuildPhase section */

/* Begin PBXSourcesBuildPhase section */
		84FA4E3C21F7EB990048F91A /* Sources */ = {
			isa = PBXSourcesBuildPhase;
			buildActionMask = 2147483647;
			files = (
				84DAAC8C221CC75900145611 /* ProfileVC.swift in Sources */,
				8457DDF821F93B4B0059D001 /* ChannelVC.swift in Sources */,
				84587A78221643A9007D847C /* AvatarPickerVC.swift in Sources */,
				840807CE221266D6007C4FFC /* RoundedButton.swift in Sources */,
				84587A7C221658E5007D847C /* CircleImage.swift in Sources */,
				8457DDF621F93B300059D001 /* ChatVC.swift in Sources */,
				84F03DBF2214FE81006C2674 /* UserDataService.swift in Sources */,
				84907E1D22012AC2008620B9 /* CreateAccountVC.swift in Sources */,
				840807CC2212572E007C4FFC /* AuthService.swift in Sources */,
				84927C3621FFE9B500A23492 /* LoginVC.swift in Sources */,
				8457DDFA21F944350059D001 /* GradientView.swift in Sources */,
				84587A7A22164700007D847C /* AvatarCell.swift in Sources */,
				84FA4E4421F7EB990048F91A /* AppDelegate.swift in Sources */,
				84FA4E5921F7FDBA0048F91A /* SWRevealViewController.m in Sources */,
				84927C3421FFE1E000A23492 /* Constants.swift in Sources */,
			);
			runOnlyForDeploymentPostprocessing = 0;
		};
/* End PBXSourcesBuildPhase section */

/* Begin PBXVariantGroup section */
		84FA4E4721F7EB990048F91A /* Main.storyboard */ = {
			isa = PBXVariantGroup;
			children = (
				84FA4E4821F7EB990048F91A /* Base */,
			);
			name = Main.storyboard;
			sourceTree = "<group>";
		};
		84FA4E4C21F7EB9A0048F91A /* LaunchScreen.storyboard */ = {
			isa = PBXVariantGroup;
			children = (
				84FA4E4D21F7EB9A0048F91A /* Base */,
			);
			name = LaunchScreen.storyboard;
			sourceTree = "<group>";
		};
/* End PBXVariantGroup section */

/* Begin XCBuildConfiguration section */
		84FA4E5021F7EB9A0048F91A /* Debug */ = {
			isa = XCBuildConfiguration;
			buildSettings = {
				ALWAYS_SEARCH_USER_PATHS = NO;
				CLANG_ANALYZER_NONNULL = YES;
				CLANG_ANALYZER_NUMBER_OBJECT_CONVERSION = YES_AGGRESSIVE;
				CLANG_CXX_LANGUAGE_STANDARD = "gnu++14";
				CLANG_CXX_LIBRARY = "libc++";
				CLANG_ENABLE_MODULES = YES;
				CLANG_ENABLE_OBJC_ARC = YES;
				CLANG_ENABLE_OBJC_WEAK = YES;
				CLANG_WARN_BLOCK_CAPTURE_AUTORELEASING = YES;
				CLANG_WARN_BOOL_CONVERSION = YES;
				CLANG_WARN_COMMA = YES;
				CLANG_WARN_CONSTANT_CONVERSION = YES;
				CLANG_WARN_DEPRECATED_OBJC_IMPLEMENTATIONS = YES;
				CLANG_WARN_DIRECT_OBJC_ISA_USAGE = YES_ERROR;
				CLANG_WARN_DOCUMENTATION_COMMENTS = YES;
				CLANG_WARN_EMPTY_BODY = YES;
				CLANG_WARN_ENUM_CONVERSION = YES;
				CLANG_WARN_INFINITE_RECURSION = YES;
				CLANG_WARN_INT_CONVERSION = YES;
				CLANG_WARN_NON_LITERAL_NULL_CONVERSION = YES;
				CLANG_WARN_OBJC_IMPLICIT_RETAIN_SELF = YES;
				CLANG_WARN_OBJC_LITERAL_CONVERSION = YES;
				CLANG_WARN_OBJC_ROOT_CLASS = YES_ERROR;
				CLANG_WARN_RANGE_LOOP_ANALYSIS = YES;
				CLANG_WARN_STRICT_PROTOTYPES = YES;
				CLANG_WARN_SUSPICIOUS_MOVE = YES;
				CLANG_WARN_UNGUARDED_AVAILABILITY = YES_AGGRESSIVE;
				CLANG_WARN_UNREACHABLE_CODE = YES;
				CLANG_WARN__DUPLICATE_METHOD_MATCH = YES;
				CODE_SIGN_IDENTITY = "iPhone Developer";
				COPY_PHASE_STRIP = NO;
				DEBUG_INFORMATION_FORMAT = dwarf;
				ENABLE_STRICT_OBJC_MSGSEND = YES;
				ENABLE_TESTABILITY = YES;
				GCC_C_LANGUAGE_STANDARD = gnu11;
				GCC_DYNAMIC_NO_PIC = NO;
				GCC_NO_COMMON_BLOCKS = YES;
				GCC_OPTIMIZATION_LEVEL = 0;
				GCC_PREPROCESSOR_DEFINITIONS = (
					"DEBUG=1",
					"$(inherited)",
				);
				GCC_WARN_64_TO_32_BIT_CONVERSION = YES;
				GCC_WARN_ABOUT_RETURN_TYPE = YES_ERROR;
				GCC_WARN_UNDECLARED_SELECTOR = YES;
				GCC_WARN_UNINITIALIZED_AUTOS = YES_AGGRESSIVE;
				GCC_WARN_UNUSED_FUNCTION = YES;
				GCC_WARN_UNUSED_VARIABLE = YES;
				IPHONEOS_DEPLOYMENT_TARGET = 11.4;
				MTL_ENABLE_DEBUG_INFO = YES;
				ONLY_ACTIVE_ARCH = YES;
				SDKROOT = iphoneos;
				SWIFT_ACTIVE_COMPILATION_CONDITIONS = DEBUG;
				SWIFT_OPTIMIZATION_LEVEL = "-Onone";
			};
			name = Debug;
		};
		84FA4E5121F7EB9A0048F91A /* Release */ = {
			isa = XCBuildConfiguration;
			buildSettings = {
				ALWAYS_SEARCH_USER_PATHS = NO;
				CLANG_ANALYZER_NONNULL = YES;
				CLANG_ANALYZER_NUMBER_OBJECT_CONVERSION = YES_AGGRESSIVE;
				CLANG_CXX_LANGUAGE_STANDARD = "gnu++14";
				CLANG_CXX_LIBRARY = "libc++";
				CLANG_ENABLE_MODULES = YES;
				CLANG_ENABLE_OBJC_ARC = YES;
				CLANG_ENABLE_OBJC_WEAK = YES;
				CLANG_WARN_BLOCK_CAPTURE_AUTORELEASING = YES;
				CLANG_WARN_BOOL_CONVERSION = YES;
				CLANG_WARN_COMMA = YES;
				CLANG_WARN_CONSTANT_CONVERSION = YES;
				CLANG_WARN_DEPRECATED_OBJC_IMPLEMENTATIONS = YES;
				CLANG_WARN_DIRECT_OBJC_ISA_USAGE = YES_ERROR;
				CLANG_WARN_DOCUMENTATION_COMMENTS = YES;
				CLANG_WARN_EMPTY_BODY = YES;
				CLANG_WARN_ENUM_CONVERSION = YES;
				CLANG_WARN_INFINITE_RECURSION = YES;
				CLANG_WARN_INT_CONVERSION = YES;
				CLANG_WARN_NON_LITERAL_NULL_CONVERSION = YES;
				CLANG_WARN_OBJC_IMPLICIT_RETAIN_SELF = YES;
				CLANG_WARN_OBJC_LITERAL_CONVERSION = YES;
				CLANG_WARN_OBJC_ROOT_CLASS = YES_ERROR;
				CLANG_WARN_RANGE_LOOP_ANALYSIS = YES;
				CLANG_WARN_STRICT_PROTOTYPES = YES;
				CLANG_WARN_SUSPICIOUS_MOVE = YES;
				CLANG_WARN_UNGUARDED_AVAILABILITY = YES_AGGRESSIVE;
				CLANG_WARN_UNREACHABLE_CODE = YES;
				CLANG_WARN__DUPLICATE_METHOD_MATCH = YES;
				CODE_SIGN_IDENTITY = "iPhone Developer";
				COPY_PHASE_STRIP = NO;
				DEBUG_INFORMATION_FORMAT = "dwarf-with-dsym";
				ENABLE_NS_ASSERTIONS = NO;
				ENABLE_STRICT_OBJC_MSGSEND = YES;
				GCC_C_LANGUAGE_STANDARD = gnu11;
				GCC_NO_COMMON_BLOCKS = YES;
				GCC_WARN_64_TO_32_BIT_CONVERSION = YES;
				GCC_WARN_ABOUT_RETURN_TYPE = YES_ERROR;
				GCC_WARN_UNDECLARED_SELECTOR = YES;
				GCC_WARN_UNINITIALIZED_AUTOS = YES_AGGRESSIVE;
				GCC_WARN_UNUSED_FUNCTION = YES;
				GCC_WARN_UNUSED_VARIABLE = YES;
				IPHONEOS_DEPLOYMENT_TARGET = 11.4;
				MTL_ENABLE_DEBUG_INFO = NO;
				SDKROOT = iphoneos;
				SWIFT_COMPILATION_MODE = wholemodule;
				SWIFT_OPTIMIZATION_LEVEL = "-O";
				VALIDATE_PRODUCT = YES;
			};
			name = Release;
		};
		84FA4E5321F7EB9A0048F91A /* Debug */ = {
			isa = XCBuildConfiguration;
			baseConfigurationReference = 319ED41CF84885C7BF9E4142 /* Pods-SmartSmack.debug.xcconfig */;
			buildSettings = {
				ASSETCATALOG_COMPILER_APPICON_NAME = AppIcon;
				CLANG_ENABLE_MODULES = YES;
				CODE_SIGN_STYLE = Automatic;
				DEVELOPMENT_TEAM = 3X3F9P5749;
				INFOPLIST_FILE = SmartSmack/Info.plist;
				LD_RUNPATH_SEARCH_PATHS = (
					"$(inherited)",
					"@executable_path/Frameworks",
				);
				PRODUCT_BUNDLE_IDENTIFIER = com.galosoft.SmartSmack;
				PRODUCT_NAME = "$(TARGET_NAME)";
				SWIFT_OBJC_BRIDGING_HEADER = "SupportingFiles/SmartSmack-Bridging-Header.h";
				SWIFT_OPTIMIZATION_LEVEL = "-Onone";
				SWIFT_VERSION = 4.0;
				TARGETED_DEVICE_FAMILY = "1,2";
			};
			name = Debug;
		};
		84FA4E5421F7EB9A0048F91A /* Release */ = {
			isa = XCBuildConfiguration;
			baseConfigurationReference = 741036FFACAC4638E53B5D50 /* Pods-SmartSmack.release.xcconfig */;
			buildSettings = {
				ASSETCATALOG_COMPILER_APPICON_NAME = AppIcon;
				CLANG_ENABLE_MODULES = YES;
				CODE_SIGN_STYLE = Automatic;
				DEVELOPMENT_TEAM = 3X3F9P5749;
				INFOPLIST_FILE = SmartSmack/Info.plist;
				LD_RUNPATH_SEARCH_PATHS = (
					"$(inherited)",
					"@executable_path/Frameworks",
				);
				PRODUCT_BUNDLE_IDENTIFIER = com.galosoft.SmartSmack;
				PRODUCT_NAME = "$(TARGET_NAME)";
				SWIFT_OBJC_BRIDGING_HEADER = "SupportingFiles/SmartSmack-Bridging-Header.h";
				SWIFT_VERSION = 4.0;
				TARGETED_DEVICE_FAMILY = "1,2";
			};
			name = Release;
		};
/* End XCBuildConfiguration section */

/* Begin XCConfigurationList section */
		84FA4E3B21F7EB990048F91A /* Build configuration list for PBXProject "SmartSmack" */ = {
			isa = XCConfigurationList;
			buildConfigurations = (
				84FA4E5021F7EB9A0048F91A /* Debug */,
				84FA4E5121F7EB9A0048F91A /* Release */,
			);
			defaultConfigurationIsVisible = 0;
			defaultConfigurationName = Release;
		};
		84FA4E5221F7EB9A0048F91A /* Build configuration list for PBXNativeTarget "SmartSmack" */ = {
			isa = XCConfigurationList;
			buildConfigurations = (
				84FA4E5321F7EB9A0048F91A /* Debug */,
				84FA4E5421F7EB9A0048F91A /* Release */,
			);
			defaultConfigurationIsVisible = 0;
			defaultConfigurationName = Release;
		};
/* End XCConfigurationList section */
	};
	rootObject = 84FA4E3821F7EB990048F91A /* Project object */;
}
